
Microsoft Visual Studio Solution File, Format Version 12.00
# Visual Studio 2012
Project("{2150E333-8FDC-42A3-9474-1A3956D46DE8}") = "Clients", "Clients", "{5D107164-A3D8-44DB-B4DD-34F1C39D2C56}"
EndProject
Project("{FAE04EC0-301F-11D3-BF4B-00C04F79EFBC}") = "zxing.winmd", "Source\lib\zxing.winmd.csproj", "{0B7B3309-1369-45CF-B97F-20CB65AB76A9}"
EndProject
Project("{FAE04EC0-301F-11D3-BF4B-00C04F79EFBC}") = "WindowsStoreDemo", "Clients\WindowsStoreDemo\WindowsStoreDemo.csproj", "{FAF77FD3-2A5F-4956-9CA5-0247CFE9D738}"
EndProject
Project("{262852C6-CD72-467D-83FE-5EEB1973A190}") = "WindowsStoreJavaScriptDemo", "Clients\WindowsStoreJavaScriptDemo\WindowsStoreJavaScriptDemo.jsproj", "{900FE853-E7D5-42BF-8690-182315BE695A}"
EndProject
Project("{8BC9CEB8-8B4A-11D0-8D11-00A0C91BC942}") = "WindowsStoreC++Demo", "Clients\WindowsStoreC++Demo\WindowsStoreC++Demo.vcxproj", "{868AAE46-72EE-4ADB-9FCF-032C4948F43E}"
EndProject
Global
	GlobalSection(SolutionConfigurationPlatforms) = preSolution
		Debug|Any CPU = Debug|Any CPU
		Debug|ARM = Debug|ARM
		Debug|Mixed Platforms = Debug|Mixed Platforms
		Debug|Win32 = Debug|Win32
		Debug|x64 = Debug|x64
		Debug|x86 = Debug|x86
		Release with Documentation|Any CPU = Release with Documentation|Any CPU
		Release with Documentation|ARM = Release with Documentation|ARM
		Release with Documentation|Mixed Platforms = Release with Documentation|Mixed Platforms
		Release with Documentation|Win32 = Release with Documentation|Win32
		Release with Documentation|x64 = Release with Documentation|x64
		Release with Documentation|x86 = Release with Documentation|x86
		Release|Any CPU = Release|Any CPU
		Release|ARM = Release|ARM
		Release|Mixed Platforms = Release|Mixed Platforms
		Release|Win32 = Release|Win32
		Release|x64 = Release|x64
		Release|x86 = Release|x86
		Release-AnyCPU|Any CPU = Release-AnyCPU|Any CPU
		Release-AnyCPU|ARM = Release-AnyCPU|ARM
		Release-AnyCPU|Mixed Platforms = Release-AnyCPU|Mixed Platforms
		Release-AnyCPU|Win32 = Release-AnyCPU|Win32
		Release-AnyCPU|x64 = Release-AnyCPU|x64
		Release-AnyCPU|x86 = Release-AnyCPU|x86
		Release-ARM|Any CPU = Release-ARM|Any CPU
		Release-ARM|ARM = Release-ARM|ARM
		Release-ARM|Mixed Platforms = Release-ARM|Mixed Platforms
		Release-ARM|Win32 = Release-ARM|Win32
		Release-ARM|x64 = Release-ARM|x64
		Release-ARM|x86 = Release-ARM|x86
		Release-x64|Any CPU = Release-x64|Any CPU
		Release-x64|ARM = Release-x64|ARM
		Release-x64|Mixed Platforms = Release-x64|Mixed Platforms
		Release-x64|Win32 = Release-x64|Win32
		Release-x64|x64 = Release-x64|x64
		Release-x64|x86 = Release-x64|x86
	EndGlobalSection
	GlobalSection(ProjectConfigurationPlatforms) = postSolution
		{0B7B3309-1369-45CF-B97F-20CB65AB76A9}.Debug|Any CPU.ActiveCfg = Debug|Any CPU
		{0B7B3309-1369-45CF-B97F-20CB65AB76A9}.Debug|Any CPU.Build.0 = Debug|Any CPU
		{0B7B3309-1369-45CF-B97F-20CB65AB76A9}.Debug|ARM.ActiveCfg = Debug|ARM
		{0B7B3309-1369-45CF-B97F-20CB65AB76A9}.Debug|ARM.Build.0 = Debug|ARM
		{0B7B3309-1369-45CF-B97F-20CB65AB76A9}.Debug|Mixed Platforms.ActiveCfg = Debug|x86
		{0B7B3309-1369-45CF-B97F-20CB65AB76A9}.Debug|Mixed Platforms.Build.0 = Debug|x86
		{0B7B3309-1369-45CF-B97F-20CB65AB76A9}.Debug|Win32.ActiveCfg = Debug|x86
		{0B7B3309-1369-45CF-B97F-20CB65AB76A9}.Debug|Win32.Build.0 = Debug|x86
		{0B7B3309-1369-45CF-B97F-20CB65AB76A9}.Debug|x64.ActiveCfg = Debug|x64
		{0B7B3309-1369-45CF-B97F-20CB65AB76A9}.Debug|x64.Build.0 = Debug|x64
		{0B7B3309-1369-45CF-B97F-20CB65AB76A9}.Debug|x86.ActiveCfg = Debug|x86
		{0B7B3309-1369-45CF-B97F-20CB65AB76A9}.Debug|x86.Build.0 = Debug|x86
		{0B7B3309-1369-45CF-B97F-20CB65AB76A9}.Release with Documentation|Any CPU.ActiveCfg = Release|Any CPU
		{0B7B3309-1369-45CF-B97F-20CB65AB76A9}.Release with Documentation|Any CPU.Build.0 = Release|Any CPU
		{0B7B3309-1369-45CF-B97F-20CB65AB76A9}.Release with Documentation|ARM.ActiveCfg = Release|ARM
		{0B7B3309-1369-45CF-B97F-20CB65AB76A9}.Release with Documentation|ARM.Build.0 = Release|ARM
		{0B7B3309-1369-45CF-B97F-20CB65AB76A9}.Release with Documentation|Mixed Platforms.ActiveCfg = Release|x86
		{0B7B3309-1369-45CF-B97F-20CB65AB76A9}.Release with Documentation|Mixed Platforms.Build.0 = Release|x86
		{0B7B3309-1369-45CF-B97F-20CB65AB76A9}.Release with Documentation|Win32.ActiveCfg = Release|x86
		{0B7B3309-1369-45CF-B97F-20CB65AB76A9}.Release with Documentation|Win32.Build.0 = Release|x86
		{0B7B3309-1369-45CF-B97F-20CB65AB76A9}.Release with Documentation|x64.ActiveCfg = Release|x64
		{0B7B3309-1369-45CF-B97F-20CB65AB76A9}.Release with Documentation|x64.Build.0 = Release|x64
		{0B7B3309-1369-45CF-B97F-20CB65AB76A9}.Release with Documentation|x86.ActiveCfg = Release|x86
		{0B7B3309-1369-45CF-B97F-20CB65AB76A9}.Release with Documentation|x86.Build.0 = Release|x86
		{0B7B3309-1369-45CF-B97F-20CB65AB76A9}.Release|Any CPU.ActiveCfg = Release|Any CPU
		{0B7B3309-1369-45CF-B97F-20CB65AB76A9}.Release|Any CPU.Build.0 = Release|Any CPU
		{0B7B3309-1369-45CF-B97F-20CB65AB76A9}.Release|ARM.ActiveCfg = Release|ARM
		{0B7B3309-1369-45CF-B97F-20CB65AB76A9}.Release|ARM.Build.0 = Release|ARM
		{0B7B3309-1369-45CF-B97F-20CB65AB76A9}.Release|Mixed Platforms.ActiveCfg = Release|x86
		{0B7B3309-1369-45CF-B97F-20CB65AB76A9}.Release|Mixed Platforms.Build.0 = Release|x86
		{0B7B3309-1369-45CF-B97F-20CB65AB76A9}.Release|Win32.ActiveCfg = Release|x86
		{0B7B3309-1369-45CF-B97F-20CB65AB76A9}.Release|Win32.Build.0 = Release|x86
		{0B7B3309-1369-45CF-B97F-20CB65AB76A9}.Release|x64.ActiveCfg = Release|x64
		{0B7B3309-1369-45CF-B97F-20CB65AB76A9}.Release|x64.Build.0 = Release|x64
		{0B7B3309-1369-45CF-B97F-20CB65AB76A9}.Release|x86.ActiveCfg = Release|x86
		{0B7B3309-1369-45CF-B97F-20CB65AB76A9}.Release|x86.Build.0 = Release|x86
		{0B7B3309-1369-45CF-B97F-20CB65AB76A9}.Release-AnyCPU|Any CPU.ActiveCfg = Release|Any CPU
		{0B7B3309-1369-45CF-B97F-20CB65AB76A9}.Release-AnyCPU|Any CPU.Build.0 = Release|Any CPU
		{0B7B3309-1369-45CF-B97F-20CB65AB76A9}.Release-AnyCPU|ARM.ActiveCfg = Release|ARM
		{0B7B3309-1369-45CF-B97F-20CB65AB76A9}.Release-AnyCPU|ARM.Build.0 = Release|ARM
		{0B7B3309-1369-45CF-B97F-20CB65AB76A9}.Release-AnyCPU|Mixed Platforms.ActiveCfg = Release|Any CPU
		{0B7B3309-1369-45CF-B97F-20CB65AB76A9}.Release-AnyCPU|Mixed Platforms.Build.0 = Release|Any CPU
		{0B7B3309-1369-45CF-B97F-20CB65AB76A9}.Release-AnyCPU|Win32.ActiveCfg = Release|x86
		{0B7B3309-1369-45CF-B97F-20CB65AB76A9}.Release-AnyCPU|Win32.Build.0 = Release|x86
		{0B7B3309-1369-45CF-B97F-20CB65AB76A9}.Release-AnyCPU|x64.ActiveCfg = Release|x64
		{0B7B3309-1369-45CF-B97F-20CB65AB76A9}.Release-AnyCPU|x64.Build.0 = Release|x64
		{0B7B3309-1369-45CF-B97F-20CB65AB76A9}.Release-AnyCPU|x86.ActiveCfg = Release|x86
		{0B7B3309-1369-45CF-B97F-20CB65AB76A9}.Release-AnyCPU|x86.Build.0 = Release|x86
		{0B7B3309-1369-45CF-B97F-20CB65AB76A9}.Release-ARM|Any CPU.ActiveCfg = Release|Any CPU
		{0B7B3309-1369-45CF-B97F-20CB65AB76A9}.Release-ARM|Any CPU.Build.0 = Release|Any CPU
		{0B7B3309-1369-45CF-B97F-20CB65AB76A9}.Release-ARM|ARM.ActiveCfg = Release|ARM
		{0B7B3309-1369-45CF-B97F-20CB65AB76A9}.Release-ARM|ARM.Build.0 = Release|ARM
		{0B7B3309-1369-45CF-B97F-20CB65AB76A9}.Release-ARM|Mixed Platforms.ActiveCfg = Release|ARM
		{0B7B3309-1369-45CF-B97F-20CB65AB76A9}.Release-ARM|Mixed Platforms.Build.0 = Release|ARM
		{0B7B3309-1369-45CF-B97F-20CB65AB76A9}.Release-ARM|Win32.ActiveCfg = Release|x86
		{0B7B3309-1369-45CF-B97F-20CB65AB76A9}.Release-ARM|Win32.Build.0 = Release|x86
		{0B7B3309-1369-45CF-B97F-20CB65AB76A9}.Release-ARM|x64.ActiveCfg = Release|x64
		{0B7B3309-1369-45CF-B97F-20CB65AB76A9}.Release-ARM|x64.Build.0 = Release|x64
		{0B7B3309-1369-45CF-B97F-20CB65AB76A9}.Release-ARM|x86.ActiveCfg = Release|x86
		{0B7B3309-1369-45CF-B97F-20CB65AB76A9}.Release-ARM|x86.Build.0 = Release|x86
		{0B7B3309-1369-45CF-B97F-20CB65AB76A9}.Release-x64|Any CPU.ActiveCfg = Release|Any CPU
		{0B7B3309-1369-45CF-B97F-20CB65AB76A9}.Release-x64|Any CPU.Build.0 = Release|Any CPU
		{0B7B3309-1369-45CF-B97F-20CB65AB76A9}.Release-x64|ARM.ActiveCfg = Release|ARM
		{0B7B3309-1369-45CF-B97F-20CB65AB76A9}.Release-x64|ARM.Build.0 = Release|ARM
		{0B7B3309-1369-45CF-B97F-20CB65AB76A9}.Release-x64|Mixed Platforms.ActiveCfg = Release|x64
		{0B7B3309-1369-45CF-B97F-20CB65AB76A9}.Release-x64|Mixed Platforms.Build.0 = Release|x64
		{0B7B3309-1369-45CF-B97F-20CB65AB76A9}.Release-x64|Win32.ActiveCfg = Release|x86
		{0B7B3309-1369-45CF-B97F-20CB65AB76A9}.Release-x64|Win32.Build.0 = Release|x86
		{0B7B3309-1369-45CF-B97F-20CB65AB76A9}.Release-x64|x64.ActiveCfg = Release|x64
		{0B7B3309-1369-45CF-B97F-20CB65AB76A9}.Release-x64|x64.Build.0 = Release|x64
		{0B7B3309-1369-45CF-B97F-20CB65AB76A9}.Release-x64|x86.ActiveCfg = Release|x86
		{0B7B3309-1369-45CF-B97F-20CB65AB76A9}.Release-x64|x86.Build.0 = Release|x86
		{FAF77FD3-2A5F-4956-9CA5-0247CFE9D738}.Debug|Any CPU.ActiveCfg = Debug|Any CPU
		{FAF77FD3-2A5F-4956-9CA5-0247CFE9D738}.Debug|Any CPU.Build.0 = Debug|Any CPU
		{FAF77FD3-2A5F-4956-9CA5-0247CFE9D738}.Debug|Any CPU.Deploy.0 = Debug|Any CPU
		{FAF77FD3-2A5F-4956-9CA5-0247CFE9D738}.Debug|ARM.ActiveCfg = Debug|ARM
		{FAF77FD3-2A5F-4956-9CA5-0247CFE9D738}.Debug|ARM.Build.0 = Debug|ARM
		{FAF77FD3-2A5F-4956-9CA5-0247CFE9D738}.Debug|ARM.Deploy.0 = Debug|ARM
		{FAF77FD3-2A5F-4956-9CA5-0247CFE9D738}.Debug|Mixed Platforms.ActiveCfg = Debug|x86
		{FAF77FD3-2A5F-4956-9CA5-0247CFE9D738}.Debug|Mixed Platforms.Build.0 = Debug|x86
		{FAF77FD3-2A5F-4956-9CA5-0247CFE9D738}.Debug|Mixed Platforms.Deploy.0 = Debug|x86
		{FAF77FD3-2A5F-4956-9CA5-0247CFE9D738}.Debug|Win32.ActiveCfg = Debug|x86
		{FAF77FD3-2A5F-4956-9CA5-0247CFE9D738}.Debug|Win32.Build.0 = Debug|x86
		{FAF77FD3-2A5F-4956-9CA5-0247CFE9D738}.Debug|Win32.Deploy.0 = Debug|x86
		{FAF77FD3-2A5F-4956-9CA5-0247CFE9D738}.Debug|x64.ActiveCfg = Debug|x64
		{FAF77FD3-2A5F-4956-9CA5-0247CFE9D738}.Debug|x64.Build.0 = Debug|x64
		{FAF77FD3-2A5F-4956-9CA5-0247CFE9D738}.Debug|x64.Deploy.0 = Debug|x64
		{FAF77FD3-2A5F-4956-9CA5-0247CFE9D738}.Debug|x86.ActiveCfg = Debug|x86
		{FAF77FD3-2A5F-4956-9CA5-0247CFE9D738}.Debug|x86.Build.0 = Debug|x86
		{FAF77FD3-2A5F-4956-9CA5-0247CFE9D738}.Debug|x86.Deploy.0 = Debug|x86
		{FAF77FD3-2A5F-4956-9CA5-0247CFE9D738}.Release with Documentation|Any CPU.ActiveCfg = Release|Any CPU
		{FAF77FD3-2A5F-4956-9CA5-0247CFE9D738}.Release with Documentation|Any CPU.Build.0 = Release|Any CPU
		{FAF77FD3-2A5F-4956-9CA5-0247CFE9D738}.Release with Documentation|Any CPU.Deploy.0 = Release|Any CPU
		{FAF77FD3-2A5F-4956-9CA5-0247CFE9D738}.Release with Documentation|ARM.ActiveCfg = Release|ARM
		{FAF77FD3-2A5F-4956-9CA5-0247CFE9D738}.Release with Documentation|ARM.Build.0 = Release|ARM
		{FAF77FD3-2A5F-4956-9CA5-0247CFE9D738}.Release with Documentation|ARM.Deploy.0 = Release|ARM
		{FAF77FD3-2A5F-4956-9CA5-0247CFE9D738}.Release with Documentation|Mixed Platforms.ActiveCfg = Release|x86
		{FAF77FD3-2A5F-4956-9CA5-0247CFE9D738}.Release with Documentation|Mixed Platforms.Build.0 = Release|x86
		{FAF77FD3-2A5F-4956-9CA5-0247CFE9D738}.Release with Documentation|Mixed Platforms.Deploy.0 = Release|x86
		{FAF77FD3-2A5F-4956-9CA5-0247CFE9D738}.Release with Documentation|Win32.ActiveCfg = Release|x86
		{FAF77FD3-2A5F-4956-9CA5-0247CFE9D738}.Release with Documentation|Win32.Build.0 = Release|x86
		{FAF77FD3-2A5F-4956-9CA5-0247CFE9D738}.Release with Documentation|Win32.Deploy.0 = Release|x86
		{FAF77FD3-2A5F-4956-9CA5-0247CFE9D738}.Release with Documentation|x64.ActiveCfg = Release|x64
		{FAF77FD3-2A5F-4956-9CA5-0247CFE9D738}.Release with Documentation|x64.Build.0 = Release|x64
		{FAF77FD3-2A5F-4956-9CA5-0247CFE9D738}.Release with Documentation|x64.Deploy.0 = Release|x64
		{FAF77FD3-2A5F-4956-9CA5-0247CFE9D738}.Release with Documentation|x86.ActiveCfg = Release|x86
		{FAF77FD3-2A5F-4956-9CA5-0247CFE9D738}.Release with Documentation|x86.Build.0 = Release|x86
		{FAF77FD3-2A5F-4956-9CA5-0247CFE9D738}.Release with Documentation|x86.Deploy.0 = Release|x86
		{FAF77FD3-2A5F-4956-9CA5-0247CFE9D738}.Release|Any CPU.ActiveCfg = Release|Any CPU
		{FAF77FD3-2A5F-4956-9CA5-0247CFE9D738}.Release|Any CPU.Build.0 = Release|Any CPU
		{FAF77FD3-2A5F-4956-9CA5-0247CFE9D738}.Release|Any CPU.Deploy.0 = Release|Any CPU
		{FAF77FD3-2A5F-4956-9CA5-0247CFE9D738}.Release|ARM.ActiveCfg = Release|ARM
		{FAF77FD3-2A5F-4956-9CA5-0247CFE9D738}.Release|ARM.Build.0 = Release|ARM
		{FAF77FD3-2A5F-4956-9CA5-0247CFE9D738}.Release|ARM.Deploy.0 = Release|ARM
		{FAF77FD3-2A5F-4956-9CA5-0247CFE9D738}.Release|Mixed Platforms.ActiveCfg = Release|x86
		{FAF77FD3-2A5F-4956-9CA5-0247CFE9D738}.Release|Mixed Platforms.Build.0 = Release|x86
		{FAF77FD3-2A5F-4956-9CA5-0247CFE9D738}.Release|Mixed Platforms.Deploy.0 = Release|x86
		{FAF77FD3-2A5F-4956-9CA5-0247CFE9D738}.Release|Win32.ActiveCfg = Release|x86
		{FAF77FD3-2A5F-4956-9CA5-0247CFE9D738}.Release|Win32.Build.0 = Release|x86
		{FAF77FD3-2A5F-4956-9CA5-0247CFE9D738}.Release|Win32.Deploy.0 = Release|x86
		{FAF77FD3-2A5F-4956-9CA5-0247CFE9D738}.Release|x64.ActiveCfg = Release|x64
		{FAF77FD3-2A5F-4956-9CA5-0247CFE9D738}.Release|x64.Build.0 = Release|x64
		{FAF77FD3-2A5F-4956-9CA5-0247CFE9D738}.Release|x64.Deploy.0 = Release|x64
		{FAF77FD3-2A5F-4956-9CA5-0247CFE9D738}.Release|x86.ActiveCfg = Release|x86
		{FAF77FD3-2A5F-4956-9CA5-0247CFE9D738}.Release|x86.Build.0 = Release|x86
		{FAF77FD3-2A5F-4956-9CA5-0247CFE9D738}.Release|x86.Deploy.0 = Release|x86
		{FAF77FD3-2A5F-4956-9CA5-0247CFE9D738}.Release-AnyCPU|Any CPU.ActiveCfg = Release|Any CPU
		{FAF77FD3-2A5F-4956-9CA5-0247CFE9D738}.Release-AnyCPU|Any CPU.Build.0 = Release|Any CPU
		{FAF77FD3-2A5F-4956-9CA5-0247CFE9D738}.Release-AnyCPU|Any CPU.Deploy.0 = Release|Any CPU
		{FAF77FD3-2A5F-4956-9CA5-0247CFE9D738}.Release-AnyCPU|ARM.ActiveCfg = Release|ARM
		{FAF77FD3-2A5F-4956-9CA5-0247CFE9D738}.Release-AnyCPU|ARM.Build.0 = Release|ARM
		{FAF77FD3-2A5F-4956-9CA5-0247CFE9D738}.Release-AnyCPU|ARM.Deploy.0 = Release|ARM
		{FAF77FD3-2A5F-4956-9CA5-0247CFE9D738}.Release-AnyCPU|Mixed Platforms.ActiveCfg = Release|Any CPU
		{FAF77FD3-2A5F-4956-9CA5-0247CFE9D738}.Release-AnyCPU|Mixed Platforms.Build.0 = Release|Any CPU
		{FAF77FD3-2A5F-4956-9CA5-0247CFE9D738}.Release-AnyCPU|Mixed Platforms.Deploy.0 = Release|Any CPU
		{FAF77FD3-2A5F-4956-9CA5-0247CFE9D738}.Release-AnyCPU|Win32.ActiveCfg = Release|x86
		{FAF77FD3-2A5F-4956-9CA5-0247CFE9D738}.Release-AnyCPU|Win32.Build.0 = Release|x86
		{FAF77FD3-2A5F-4956-9CA5-0247CFE9D738}.Release-AnyCPU|Win32.Deploy.0 = Release|x86
		{FAF77FD3-2A5F-4956-9CA5-0247CFE9D738}.Release-AnyCPU|x64.ActiveCfg = Release|x64
		{FAF77FD3-2A5F-4956-9CA5-0247CFE9D738}.Release-AnyCPU|x64.Build.0 = Release|x64
		{FAF77FD3-2A5F-4956-9CA5-0247CFE9D738}.Release-AnyCPU|x64.Deploy.0 = Release|x64
		{FAF77FD3-2A5F-4956-9CA5-0247CFE9D738}.Release-AnyCPU|x86.ActiveCfg = Release|x86
		{FAF77FD3-2A5F-4956-9CA5-0247CFE9D738}.Release-AnyCPU|x86.Build.0 = Release|x86
		{FAF77FD3-2A5F-4956-9CA5-0247CFE9D738}.Release-AnyCPU|x86.Deploy.0 = Release|x86
		{FAF77FD3-2A5F-4956-9CA5-0247CFE9D738}.Release-ARM|Any CPU.ActiveCfg = Release|Any CPU
		{FAF77FD3-2A5F-4956-9CA5-0247CFE9D738}.Release-ARM|Any CPU.Build.0 = Release|Any CPU
		{FAF77FD3-2A5F-4956-9CA5-0247CFE9D738}.Release-ARM|Any CPU.Deploy.0 = Release|Any CPU
		{FAF77FD3-2A5F-4956-9CA5-0247CFE9D738}.Release-ARM|ARM.ActiveCfg = Release|ARM
		{FAF77FD3-2A5F-4956-9CA5-0247CFE9D738}.Release-ARM|ARM.Build.0 = Release|ARM
		{FAF77FD3-2A5F-4956-9CA5-0247CFE9D738}.Release-ARM|ARM.Deploy.0 = Release|ARM
		{FAF77FD3-2A5F-4956-9CA5-0247CFE9D738}.Release-ARM|Mixed Platforms.ActiveCfg = Release|ARM
		{FAF77FD3-2A5F-4956-9CA5-0247CFE9D738}.Release-ARM|Mixed Platforms.Build.0 = Release|ARM
		{FAF77FD3-2A5F-4956-9CA5-0247CFE9D738}.Release-ARM|Mixed Platforms.Deploy.0 = Release|ARM
		{FAF77FD3-2A5F-4956-9CA5-0247CFE9D738}.Release-ARM|Win32.ActiveCfg = Release|x86
		{FAF77FD3-2A5F-4956-9CA5-0247CFE9D738}.Release-ARM|Win32.Build.0 = Release|x86
		{FAF77FD3-2A5F-4956-9CA5-0247CFE9D738}.Release-ARM|Win32.Deploy.0 = Release|x86
		{FAF77FD3-2A5F-4956-9CA5-0247CFE9D738}.Release-ARM|x64.ActiveCfg = Release|x64
		{FAF77FD3-2A5F-4956-9CA5-0247CFE9D738}.Release-ARM|x64.Build.0 = Release|x64
		{FAF77FD3-2A5F-4956-9CA5-0247CFE9D738}.Release-ARM|x64.Deploy.0 = Release|x64
		{FAF77FD3-2A5F-4956-9CA5-0247CFE9D738}.Release-ARM|x86.ActiveCfg = Release|x86
		{FAF77FD3-2A5F-4956-9CA5-0247CFE9D738}.Release-ARM|x86.Build.0 = Release|x86
		{FAF77FD3-2A5F-4956-9CA5-0247CFE9D738}.Release-ARM|x86.Deploy.0 = Release|x86
		{FAF77FD3-2A5F-4956-9CA5-0247CFE9D738}.Release-x64|Any CPU.ActiveCfg = Release|Any CPU
		{FAF77FD3-2A5F-4956-9CA5-0247CFE9D738}.Release-x64|Any CPU.Build.0 = Release|Any CPU
		{FAF77FD3-2A5F-4956-9CA5-0247CFE9D738}.Release-x64|Any CPU.Deploy.0 = Release|Any CPU
		{FAF77FD3-2A5F-4956-9CA5-0247CFE9D738}.Release-x64|ARM.ActiveCfg = Release|ARM
		{FAF77FD3-2A5F-4956-9CA5-0247CFE9D738}.Release-x64|ARM.Build.0 = Release|ARM
		{FAF77FD3-2A5F-4956-9CA5-0247CFE9D738}.Release-x64|ARM.Deploy.0 = Release|ARM
		{FAF77FD3-2A5F-4956-9CA5-0247CFE9D738}.Release-x64|Mixed Platforms.ActiveCfg = Release|x64
		{FAF77FD3-2A5F-4956-9CA5-0247CFE9D738}.Release-x64|Mixed Platforms.Build.0 = Release|x64
		{FAF77FD3-2A5F-4956-9CA5-0247CFE9D738}.Release-x64|Mixed Platforms.Deploy.0 = Release|x64
		{FAF77FD3-2A5F-4956-9CA5-0247CFE9D738}.Release-x64|Win32.ActiveCfg = Release|x86
		{FAF77FD3-2A5F-4956-9CA5-0247CFE9D738}.Release-x64|Win32.Build.0 = Release|x86
		{FAF77FD3-2A5F-4956-9CA5-0247CFE9D738}.Release-x64|Win32.Deploy.0 = Release|x86
		{FAF77FD3-2A5F-4956-9CA5-0247CFE9D738}.Release-x64|x64.ActiveCfg = Release|x64
		{FAF77FD3-2A5F-4956-9CA5-0247CFE9D738}.Release-x64|x64.Build.0 = Release|x64
		{FAF77FD3-2A5F-4956-9CA5-0247CFE9D738}.Release-x64|x64.Deploy.0 = Release|x64
		{FAF77FD3-2A5F-4956-9CA5-0247CFE9D738}.Release-x64|x86.ActiveCfg = Release|x86
		{FAF77FD3-2A5F-4956-9CA5-0247CFE9D738}.Release-x64|x86.Build.0 = Release|x86
		{FAF77FD3-2A5F-4956-9CA5-0247CFE9D738}.Release-x64|x86.Deploy.0 = Release|x86
		{900FE853-E7D5-42BF-8690-182315BE695A}.Debug|Any CPU.ActiveCfg = Debug|Any CPU
		{900FE853-E7D5-42BF-8690-182315BE695A}.Debug|Any CPU.Build.0 = Debug|Any CPU
		{900FE853-E7D5-42BF-8690-182315BE695A}.Debug|Any CPU.Deploy.0 = Debug|Any CPU
		{900FE853-E7D5-42BF-8690-182315BE695A}.Debug|ARM.ActiveCfg = Debug|ARM
		{900FE853-E7D5-42BF-8690-182315BE695A}.Debug|ARM.Build.0 = Debug|ARM
		{900FE853-E7D5-42BF-8690-182315BE695A}.Debug|ARM.Deploy.0 = Debug|ARM
		{900FE853-E7D5-42BF-8690-182315BE695A}.Debug|Mixed Platforms.ActiveCfg = Debug|x86
		{900FE853-E7D5-42BF-8690-182315BE695A}.Debug|Mixed Platforms.Build.0 = Debug|x86
		{900FE853-E7D5-42BF-8690-182315BE695A}.Debug|Mixed Platforms.Deploy.0 = Debug|x86
		{900FE853-E7D5-42BF-8690-182315BE695A}.Debug|Win32.ActiveCfg = Debug|x86
		{900FE853-E7D5-42BF-8690-182315BE695A}.Debug|Win32.Build.0 = Debug|x86
		{900FE853-E7D5-42BF-8690-182315BE695A}.Debug|Win32.Deploy.0 = Debug|x86
		{900FE853-E7D5-42BF-8690-182315BE695A}.Debug|x64.ActiveCfg = Debug|x64
		{900FE853-E7D5-42BF-8690-182315BE695A}.Debug|x64.Build.0 = Debug|x64
		{900FE853-E7D5-42BF-8690-182315BE695A}.Debug|x64.Deploy.0 = Debug|x64
		{900FE853-E7D5-42BF-8690-182315BE695A}.Debug|x86.ActiveCfg = Debug|x86
		{900FE853-E7D5-42BF-8690-182315BE695A}.Debug|x86.Build.0 = Debug|x86
		{900FE853-E7D5-42BF-8690-182315BE695A}.Debug|x86.Deploy.0 = Debug|x86
		{900FE853-E7D5-42BF-8690-182315BE695A}.Release with Documentation|Any CPU.ActiveCfg = Release|Any CPU
		{900FE853-E7D5-42BF-8690-182315BE695A}.Release with Documentation|Any CPU.Build.0 = Release|Any CPU
		{900FE853-E7D5-42BF-8690-182315BE695A}.Release with Documentation|Any CPU.Deploy.0 = Release|Any CPU
		{900FE853-E7D5-42BF-8690-182315BE695A}.Release with Documentation|ARM.ActiveCfg = Release|ARM
		{900FE853-E7D5-42BF-8690-182315BE695A}.Release with Documentation|ARM.Build.0 = Release|ARM
		{900FE853-E7D5-42BF-8690-182315BE695A}.Release with Documentation|ARM.Deploy.0 = Release|ARM
		{900FE853-E7D5-42BF-8690-182315BE695A}.Release with Documentation|Mixed Platforms.ActiveCfg = Release|x86
		{900FE853-E7D5-42BF-8690-182315BE695A}.Release with Documentation|Mixed Platforms.Build.0 = Release|x86
		{900FE853-E7D5-42BF-8690-182315BE695A}.Release with Documentation|Mixed Platforms.Deploy.0 = Release|x86
		{900FE853-E7D5-42BF-8690-182315BE695A}.Release with Documentation|Win32.ActiveCfg = Release|x86
		{900FE853-E7D5-42BF-8690-182315BE695A}.Release with Documentation|Win32.Build.0 = Release|x86
		{900FE853-E7D5-42BF-8690-182315BE695A}.Release with Documentation|Win32.Deploy.0 = Release|x86
		{900FE853-E7D5-42BF-8690-182315BE695A}.Release with Documentation|x64.ActiveCfg = Release|x64
		{900FE853-E7D5-42BF-8690-182315BE695A}.Release with Documentation|x64.Build.0 = Release|x64
		{900FE853-E7D5-42BF-8690-182315BE695A}.Release with Documentation|x64.Deploy.0 = Release|x64
		{900FE853-E7D5-42BF-8690-182315BE695A}.Release with Documentation|x86.ActiveCfg = Release|x86
		{900FE853-E7D5-42BF-8690-182315BE695A}.Release with Documentation|x86.Build.0 = Release|x86
		{900FE853-E7D5-42BF-8690-182315BE695A}.Release with Documentation|x86.Deploy.0 = Release|x86
		{900FE853-E7D5-42BF-8690-182315BE695A}.Release|Any CPU.ActiveCfg = Release|Any CPU
		{900FE853-E7D5-42BF-8690-182315BE695A}.Release|Any CPU.Build.0 = Release|Any CPU
		{900FE853-E7D5-42BF-8690-182315BE695A}.Release|Any CPU.Deploy.0 = Release|Any CPU
		{900FE853-E7D5-42BF-8690-182315BE695A}.Release|ARM.ActiveCfg = Release|ARM
		{900FE853-E7D5-42BF-8690-182315BE695A}.Release|ARM.Build.0 = Release|ARM
		{900FE853-E7D5-42BF-8690-182315BE695A}.Release|ARM.Deploy.0 = Release|ARM
		{900FE853-E7D5-42BF-8690-182315BE695A}.Release|Mixed Platforms.ActiveCfg = Release|x86
		{900FE853-E7D5-42BF-8690-182315BE695A}.Release|Mixed Platforms.Build.0 = Release|x86
		{900FE853-E7D5-42BF-8690-182315BE695A}.Release|Mixed Platforms.Deploy.0 = Release|x86
		{900FE853-E7D5-42BF-8690-182315BE695A}.Release|Win32.ActiveCfg = Release|x86
		{900FE853-E7D5-42BF-8690-182315BE695A}.Release|Win32.Build.0 = Release|x86
		{900FE853-E7D5-42BF-8690-182315BE695A}.Release|Win32.Deploy.0 = Release|x86
		{900FE853-E7D5-42BF-8690-182315BE695A}.Release|x64.ActiveCfg = Release|x64
		{900FE853-E7D5-42BF-8690-182315BE695A}.Release|x64.Build.0 = Release|x64
		{900FE853-E7D5-42BF-8690-182315BE695A}.Release|x64.Deploy.0 = Release|x64
		{900FE853-E7D5-42BF-8690-182315BE695A}.Release|x86.ActiveCfg = Release|x86
		{900FE853-E7D5-42BF-8690-182315BE695A}.Release|x86.Build.0 = Release|x86
		{900FE853-E7D5-42BF-8690-182315BE695A}.Release|x86.Deploy.0 = Release|x86
		{900FE853-E7D5-42BF-8690-182315BE695A}.Release-AnyCPU|Any CPU.ActiveCfg = Release|Any CPU
		{900FE853-E7D5-42BF-8690-182315BE695A}.Release-AnyCPU|Any CPU.Build.0 = Release|Any CPU
		{900FE853-E7D5-42BF-8690-182315BE695A}.Release-AnyCPU|Any CPU.Deploy.0 = Release|Any CPU
		{900FE853-E7D5-42BF-8690-182315BE695A}.Release-AnyCPU|ARM.ActiveCfg = Release|ARM
		{900FE853-E7D5-42BF-8690-182315BE695A}.Release-AnyCPU|ARM.Build.0 = Release|ARM
		{900FE853-E7D5-42BF-8690-182315BE695A}.Release-AnyCPU|ARM.Deploy.0 = Release|ARM
		{900FE853-E7D5-42BF-8690-182315BE695A}.Release-AnyCPU|Mixed Platforms.ActiveCfg = Release|Any CPU
		{900FE853-E7D5-42BF-8690-182315BE695A}.Release-AnyCPU|Mixed Platforms.Build.0 = Release|Any CPU
		{900FE853-E7D5-42BF-8690-182315BE695A}.Release-AnyCPU|Mixed Platforms.Deploy.0 = Release|Any CPU
		{900FE853-E7D5-42BF-8690-182315BE695A}.Release-AnyCPU|Win32.ActiveCfg = Release|x86
		{900FE853-E7D5-42BF-8690-182315BE695A}.Release-AnyCPU|Win32.Build.0 = Release|x86
		{900FE853-E7D5-42BF-8690-182315BE695A}.Release-AnyCPU|Win32.Deploy.0 = Release|x86
		{900FE853-E7D5-42BF-8690-182315BE695A}.Release-AnyCPU|x64.ActiveCfg = Release|x64
		{900FE853-E7D5-42BF-8690-182315BE695A}.Release-AnyCPU|x64.Build.0 = Release|x64
		{900FE853-E7D5-42BF-8690-182315BE695A}.Release-AnyCPU|x64.Deploy.0 = Release|x64
		{900FE853-E7D5-42BF-8690-182315BE695A}.Release-AnyCPU|x86.ActiveCfg = Release|x86
		{900FE853-E7D5-42BF-8690-182315BE695A}.Release-AnyCPU|x86.Build.0 = Release|x86
		{900FE853-E7D5-42BF-8690-182315BE695A}.Release-AnyCPU|x86.Deploy.0 = Release|x86
		{900FE853-E7D5-42BF-8690-182315BE695A}.Release-ARM|Any CPU.ActiveCfg = Release|Any CPU
		{900FE853-E7D5-42BF-8690-182315BE695A}.Release-ARM|Any CPU.Build.0 = Release|Any CPU
		{900FE853-E7D5-42BF-8690-182315BE695A}.Release-ARM|Any CPU.Deploy.0 = Release|Any CPU
		{900FE853-E7D5-42BF-8690-182315BE695A}.Release-ARM|ARM.ActiveCfg = Release|ARM
		{900FE853-E7D5-42BF-8690-182315BE695A}.Release-ARM|ARM.Build.0 = Release|ARM
		{900FE853-E7D5-42BF-8690-182315BE695A}.Release-ARM|ARM.Deploy.0 = Release|ARM
		{900FE853-E7D5-42BF-8690-182315BE695A}.Release-ARM|Mixed Platforms.ActiveCfg = Release|ARM
		{900FE853-E7D5-42BF-8690-182315BE695A}.Release-ARM|Mixed Platforms.Build.0 = Release|ARM
		{900FE853-E7D5-42BF-8690-182315BE695A}.Release-ARM|Mixed Platforms.Deploy.0 = Release|ARM
		{900FE853-E7D5-42BF-8690-182315BE695A}.Release-ARM|Win32.ActiveCfg = Release|x86
		{900FE853-E7D5-42BF-8690-182315BE695A}.Release-ARM|Win32.Build.0 = Release|x86
		{900FE853-E7D5-42BF-8690-182315BE695A}.Release-ARM|Win32.Deploy.0 = Release|x86
		{900FE853-E7D5-42BF-8690-182315BE695A}.Release-ARM|x64.ActiveCfg = Release|x64
		{900FE853-E7D5-42BF-8690-182315BE695A}.Release-ARM|x64.Build.0 = Release|x64
		{900FE853-E7D5-42BF-8690-182315BE695A}.Release-ARM|x64.Deploy.0 = Release|x64
		{900FE853-E7D5-42BF-8690-182315BE695A}.Release-ARM|x86.ActiveCfg = Release|x86
		{900FE853-E7D5-42BF-8690-182315BE695A}.Release-ARM|x86.Build.0 = Release|x86
		{900FE853-E7D5-42BF-8690-182315BE695A}.Release-ARM|x86.Deploy.0 = Release|x86
		{900FE853-E7D5-42BF-8690-182315BE695A}.Release-x64|Any CPU.ActiveCfg = Release|Any CPU
		{900FE853-E7D5-42BF-8690-182315BE695A}.Release-x64|Any CPU.Build.0 = Release|Any CPU
		{900FE853-E7D5-42BF-8690-182315BE695A}.Release-x64|Any CPU.Deploy.0 = Release|Any CPU
		{900FE853-E7D5-42BF-8690-182315BE695A}.Release-x64|ARM.ActiveCfg = Release|ARM
		{900FE853-E7D5-42BF-8690-182315BE695A}.Release-x64|ARM.Build.0 = Release|ARM
		{900FE853-E7D5-42BF-8690-182315BE695A}.Release-x64|ARM.Deploy.0 = Release|ARM
		{900FE853-E7D5-42BF-8690-182315BE695A}.Release-x64|Mixed Platforms.ActiveCfg = Release|x64
		{900FE853-E7D5-42BF-8690-182315BE695A}.Release-x64|Mixed Platforms.Build.0 = Release|x64
		{900FE853-E7D5-42BF-8690-182315BE695A}.Release-x64|Mixed Platforms.Deploy.0 = Release|x64
		{900FE853-E7D5-42BF-8690-182315BE695A}.Release-x64|Win32.ActiveCfg = Release|x86
		{900FE853-E7D5-42BF-8690-182315BE695A}.Release-x64|Win32.Build.0 = Release|x86
		{900FE853-E7D5-42BF-8690-182315BE695A}.Release-x64|Win32.Deploy.0 = Release|x86
		{900FE853-E7D5-42BF-8690-182315BE695A}.Release-x64|x64.ActiveCfg = Release|x64
		{900FE853-E7D5-42BF-8690-182315BE695A}.Release-x64|x64.Build.0 = Release|x64
		{900FE853-E7D5-42BF-8690-182315BE695A}.Release-x64|x64.Deploy.0 = Release|x64
		{900FE853-E7D5-42BF-8690-182315BE695A}.Release-x64|x86.ActiveCfg = Release|x86
		{900FE853-E7D5-42BF-8690-182315BE695A}.Release-x64|x86.Build.0 = Release|x86
		{900FE853-E7D5-42BF-8690-182315BE695A}.Release-x64|x86.Deploy.0 = Release|x86
		{868AAE46-72EE-4ADB-9FCF-032C4948F43E}.Debug|Any CPU.ActiveCfg = Debug|Win32
		{868AAE46-72EE-4ADB-9FCF-032C4948F43E}.Debug|Any CPU.Build.0 = Debug|Win32
		{868AAE46-72EE-4ADB-9FCF-032C4948F43E}.Debug|Any CPU.Deploy.0 = Debug|Win32
		{868AAE46-72EE-4ADB-9FCF-032C4948F43E}.Debug|ARM.ActiveCfg = Debug|ARM
		{868AAE46-72EE-4ADB-9FCF-032C4948F43E}.Debug|ARM.Build.0 = Debug|ARM
		{868AAE46-72EE-4ADB-9FCF-032C4948F43E}.Debug|ARM.Deploy.0 = Debug|ARM
		{868AAE46-72EE-4ADB-9FCF-032C4948F43E}.Debug|Mixed Platforms.ActiveCfg = Debug|Win32
		{868AAE46-72EE-4ADB-9FCF-032C4948F43E}.Debug|Mixed Platforms.Build.0 = Debug|Win32
		{868AAE46-72EE-4ADB-9FCF-032C4948F43E}.Debug|Mixed Platforms.Deploy.0 = Debug|Win32
		{868AAE46-72EE-4ADB-9FCF-032C4948F43E}.Debug|Win32.ActiveCfg = Debug|Win32
		{868AAE46-72EE-4ADB-9FCF-032C4948F43E}.Debug|Win32.Build.0 = Debug|Win32
		{868AAE46-72EE-4ADB-9FCF-032C4948F43E}.Debug|Win32.Deploy.0 = Debug|Win32
		{868AAE46-72EE-4ADB-9FCF-032C4948F43E}.Debug|x64.ActiveCfg = Debug|x64
		{868AAE46-72EE-4ADB-9FCF-032C4948F43E}.Debug|x64.Build.0 = Debug|x64
		{868AAE46-72EE-4ADB-9FCF-032C4948F43E}.Debug|x64.Deploy.0 = Debug|x64
		{868AAE46-72EE-4ADB-9FCF-032C4948F43E}.Debug|x86.ActiveCfg = Debug|Win32
		{868AAE46-72EE-4ADB-9FCF-032C4948F43E}.Debug|x86.Build.0 = Debug|Win32
		{868AAE46-72EE-4ADB-9FCF-032C4948F43E}.Debug|x86.Deploy.0 = Debug|Win32
		{868AAE46-72EE-4ADB-9FCF-032C4948F43E}.Release with Documentation|Any CPU.ActiveCfg = Release|Win32
		{868AAE46-72EE-4ADB-9FCF-032C4948F43E}.Release with Documentation|ARM.ActiveCfg = Release|ARM
		{868AAE46-72EE-4ADB-9FCF-032C4948F43E}.Release with Documentation|ARM.Build.0 = Release|ARM
		{868AAE46-72EE-4ADB-9FCF-032C4948F43E}.Release with Documentation|ARM.Deploy.0 = Release|ARM
		{868AAE46-72EE-4ADB-9FCF-032C4948F43E}.Release with Documentation|Mixed Platforms.ActiveCfg = Release|Win32
		{868AAE46-72EE-4ADB-9FCF-032C4948F43E}.Release with Documentation|Mixed Platforms.Build.0 = Release|Win32
		{868AAE46-72EE-4ADB-9FCF-032C4948F43E}.Release with Documentation|Mixed Platforms.Deploy.0 = Release|Win32
		{868AAE46-72EE-4ADB-9FCF-032C4948F43E}.Release with Documentation|Win32.ActiveCfg = Release|Win32
		{868AAE46-72EE-4ADB-9FCF-032C4948F43E}.Release with Documentation|Win32.Build.0 = Release|Win32
		{868AAE46-72EE-4ADB-9FCF-032C4948F43E}.Release with Documentation|Win32.Deploy.0 = Release|Win32
		{868AAE46-72EE-4ADB-9FCF-032C4948F43E}.Release with Documentation|x64.ActiveCfg = Release|x64
		{868AAE46-72EE-4ADB-9FCF-032C4948F43E}.Release with Documentation|x64.Build.0 = Release|x64
		{868AAE46-72EE-4ADB-9FCF-032C4948F43E}.Release with Documentation|x64.Deploy.0 = Release|x64
		{868AAE46-72EE-4ADB-9FCF-032C4948F43E}.Release with Documentation|x86.ActiveCfg = Release|Win32
		{868AAE46-72EE-4ADB-9FCF-032C4948F43E}.Release with Documentation|x86.Build.0 = Release|Win32
		{868AAE46-72EE-4ADB-9FCF-032C4948F43E}.Release with Documentation|x86.Deploy.0 = Release|Win32
		{868AAE46-72EE-4ADB-9FCF-032C4948F43E}.Release|Any CPU.ActiveCfg = Release|Win32
		{868AAE46-72EE-4ADB-9FCF-032C4948F43E}.Release|Any CPU.Build.0 = Release|Win32
		{868AAE46-72EE-4ADB-9FCF-032C4948F43E}.Release|Any CPU.Deploy.0 = Release|Win32
		{868AAE46-72EE-4ADB-9FCF-032C4948F43E}.Release|ARM.ActiveCfg = Release|ARM
		{868AAE46-72EE-4ADB-9FCF-032C4948F43E}.Release|ARM.Build.0 = Release|ARM
		{868AAE46-72EE-4ADB-9FCF-032C4948F43E}.Release|ARM.Deploy.0 = Release|ARM
		{868AAE46-72EE-4ADB-9FCF-032C4948F43E}.Release|Mixed Platforms.ActiveCfg = Release|Win32
		{868AAE46-72EE-4ADB-9FCF-032C4948F43E}.Release|Mixed Platforms.Build.0 = Release|Win32
		{868AAE46-72EE-4ADB-9FCF-032C4948F43E}.Release|Mixed Platforms.Deploy.0 = Release|Win32
		{868AAE46-72EE-4ADB-9FCF-032C4948F43E}.Release|Win32.ActiveCfg = Release|Win32
		{868AAE46-72EE-4ADB-9FCF-032C4948F43E}.Release|Win32.Build.0 = Release|Win32
		{868AAE46-72EE-4ADB-9FCF-032C4948F43E}.Release|Win32.Deploy.0 = Release|Win32
		{868AAE46-72EE-4ADB-9FCF-032C4948F43E}.Release|x64.ActiveCfg = Release|x64
		{868AAE46-72EE-4ADB-9FCF-032C4948F43E}.Release|x64.Build.0 = Release|x64
		{868AAE46-72EE-4ADB-9FCF-032C4948F43E}.Release|x64.Deploy.0 = Release|x64
		{868AAE46-72EE-4ADB-9FCF-032C4948F43E}.Release|x86.ActiveCfg = Release|Win32
		{868AAE46-72EE-4ADB-9FCF-032C4948F43E}.Release|x86.Build.0 = Release|Win32
		{868AAE46-72EE-4ADB-9FCF-032C4948F43E}.Release|x86.Deploy.0 = Release|Win32
		{868AAE46-72EE-4ADB-9FCF-032C4948F43E}.Release-AnyCPU|Any CPU.ActiveCfg = Release|Win32
		{868AAE46-72EE-4ADB-9FCF-032C4948F43E}.Release-AnyCPU|Any CPU.Build.0 = Release|Win32
		{868AAE46-72EE-4ADB-9FCF-032C4948F43E}.Release-AnyCPU|Any CPU.Deploy.0 = Release|Win32
		{868AAE46-72EE-4ADB-9FCF-032C4948F43E}.Release-AnyCPU|ARM.ActiveCfg = Release|ARM
		{868AAE46-72EE-4ADB-9FCF-032C4948F43E}.Release-AnyCPU|ARM.Build.0 = Release|ARM
		{868AAE46-72EE-4ADB-9FCF-032C4948F43E}.Release-AnyCPU|ARM.Deploy.0 = Release|ARM
		{868AAE46-72EE-4ADB-9FCF-032C4948F43E}.Release-AnyCPU|Mixed Platforms.ActiveCfg = Release|Win32
		{868AAE46-72EE-4ADB-9FCF-032C4948F43E}.Release-AnyCPU|Mixed Platforms.Build.0 = Release|Win32
		{868AAE46-72EE-4ADB-9FCF-032C4948F43E}.Release-AnyCPU|Mixed Platforms.Deploy.0 = Release|Win32
		{868AAE46-72EE-4ADB-9FCF-032C4948F43E}.Release-AnyCPU|Win32.ActiveCfg = Release|Win32
		{868AAE46-72EE-4ADB-9FCF-032C4948F43E}.Release-AnyCPU|Win32.Build.0 = Release|Win32
		{868AAE46-72EE-4ADB-9FCF-032C4948F43E}.Release-AnyCPU|Win32.Deploy.0 = Release|Win32
		{868AAE46-72EE-4ADB-9FCF-032C4948F43E}.Release-AnyCPU|x64.ActiveCfg = Release|x64
		{868AAE46-72EE-4ADB-9FCF-032C4948F43E}.Release-AnyCPU|x64.Build.0 = Release|x64
		{868AAE46-72EE-4ADB-9FCF-032C4948F43E}.Release-AnyCPU|x64.Deploy.0 = Release|x64
		{868AAE46-72EE-4ADB-9FCF-032C4948F43E}.Release-AnyCPU|x86.ActiveCfg = Release|Win32
		{868AAE46-72EE-4ADB-9FCF-032C4948F43E}.Release-AnyCPU|x86.Build.0 = Release|Win32
		{868AAE46-72EE-4ADB-9FCF-032C4948F43E}.Release-AnyCPU|x86.Deploy.0 = Release|Win32
		{868AAE46-72EE-4ADB-9FCF-032C4948F43E}.Release-ARM|Any CPU.ActiveCfg = Release|Win32
		{868AAE46-72EE-4ADB-9FCF-032C4948F43E}.Release-ARM|Any CPU.Build.0 = Release|Win32
		{868AAE46-72EE-4ADB-9FCF-032C4948F43E}.Release-ARM|Any CPU.Deploy.0 = Release|Win32
		{868AAE46-72EE-4ADB-9FCF-032C4948F43E}.Release-ARM|ARM.ActiveCfg = Release|ARM
		{868AAE46-72EE-4ADB-9FCF-032C4948F43E}.Release-ARM|ARM.Build.0 = Release|ARM
		{868AAE46-72EE-4ADB-9FCF-032C4948F43E}.Release-ARM|ARM.Deploy.0 = Release|ARM
		{868AAE46-72EE-4ADB-9FCF-032C4948F43E}.Release-ARM|Mixed Platforms.ActiveCfg = Release|ARM
		{868AAE46-72EE-4ADB-9FCF-032C4948F43E}.Release-ARM|Mixed Platforms.Build.0 = Release|ARM
		{868AAE46-72EE-4ADB-9FCF-032C4948F43E}.Release-ARM|Mixed Platforms.Deploy.0 = Release|ARM
		{868AAE46-72EE-4ADB-9FCF-032C4948F43E}.Release-ARM|Win32.ActiveCfg = Release|Win32
		{868AAE46-72EE-4ADB-9FCF-032C4948F43E}.Release-ARM|Win32.Build.0 = Release|Win32
		{868AAE46-72EE-4ADB-9FCF-032C4948F43E}.Release-ARM|Win32.Deploy.0 = Release|Win32
		{868AAE46-72EE-4ADB-9FCF-032C4948F43E}.Release-ARM|x64.ActiveCfg = Release|x64
		{868AAE46-72EE-4ADB-9FCF-032C4948F43E}.Release-ARM|x64.Build.0 = Release|x64
		{868AAE46-72EE-4ADB-9FCF-032C4948F43E}.Release-ARM|x64.Deploy.0 = Release|x64
		{868AAE46-72EE-4ADB-9FCF-032C4948F43E}.Release-ARM|x86.ActiveCfg = Release|Win32
		{868AAE46-72EE-4ADB-9FCF-032C4948F43E}.Release-ARM|x86.Build.0 = Release|Win32
		{868AAE46-72EE-4ADB-9FCF-032C4948F43E}.Release-ARM|x86.Deploy.0 = Release|Win32
		{868AAE46-72EE-4ADB-9FCF-032C4948F43E}.Release-x64|Any CPU.ActiveCfg = Release|Win32
		{868AAE46-72EE-4ADB-9FCF-032C4948F43E}.Release-x64|Any CPU.Build.0 = Release|Win32
		{868AAE46-72EE-4ADB-9FCF-032C4948F43E}.Release-x64|Any CPU.Deploy.0 = Release|Win32
		{868AAE46-72EE-4ADB-9FCF-032C4948F43E}.Release-x64|ARM.ActiveCfg = Release|ARM
		{868AAE46-72EE-4ADB-9FCF-032C4948F43E}.Release-x64|ARM.Build.0 = Release|ARM
		{868AAE46-72EE-4ADB-9FCF-032C4948F43E}.Release-x64|ARM.Deploy.0 = Release|ARM
		{868AAE46-72EE-4ADB-9FCF-032C4948F43E}.Release-x64|Mixed Platforms.ActiveCfg = Release|x64
		{868AAE46-72EE-4ADB-9FCF-032C4948F43E}.Release-x64|Mixed Platforms.Build.0 = Release|x64
		{868AAE46-72EE-4ADB-9FCF-032C4948F43E}.Release-x64|Mixed Platforms.Deploy.0 = Release|x64
		{868AAE46-72EE-4ADB-9FCF-032C4948F43E}.Release-x64|Win32.ActiveCfg = Release|Win32
		{868AAE46-72EE-4ADB-9FCF-032C4948F43E}.Release-x64|Win32.Build.0 = Release|Win32
		{868AAE46-72EE-4ADB-9FCF-032C4948F43E}.Release-x64|Win32.Deploy.0 = Release|Win32
		{868AAE46-72EE-4ADB-9FCF-032C4948F43E}.Release-x64|x64.ActiveCfg = Release|x64
		{868AAE46-72EE-4ADB-9FCF-032C4948F43E}.Release-x64|x64.Build.0 = Release|x64
		{868AAE46-72EE-4ADB-9FCF-032C4948F43E}.Release-x64|x64.Deploy.0 = Release|x64
		{868AAE46-72EE-4ADB-9FCF-032C4948F43E}.Release-x64|x86.ActiveCfg = Release|Win32
		{868AAE46-72EE-4ADB-9FCF-032C4948F43E}.Release-x64|x86.Build.0 = Release|Win32
		{868AAE46-72EE-4ADB-9FCF-032C4948F43E}.Release-x64|x86.Deploy.0 = Release|Win32
	EndGlobalSection
	GlobalSection(SolutionProperties) = preSolution
		HideSolutionNode = FALSE
	EndGlobalSection
	GlobalSection(NestedProjects) = preSolution
		{FAF77FD3-2A5F-4956-9CA5-0247CFE9D738} = {5D107164-A3D8-44DB-B4DD-34F1C39D2C56}
		{900FE853-E7D5-42BF-8690-182315BE695A} = {5D107164-A3D8-44DB-B4DD-34F1C39D2C56}
		{868AAE46-72EE-4ADB-9FCF-032C4948F43E} = {5D107164-A3D8-44DB-B4DD-34F1C39D2C56}
	EndGlobalSection
EndGlobal
